<?xml version="1.0" encoding="utf-8"?>
<Project ToolsVersion="4.0" xmlns="http://schemas.microsoft.com/developer/msbuild/2003">
  <ItemGroup>
    <Filter Include="Source Files">
      <UniqueIdentifier>{4FC737F1-C7A5-4376-A066-2A32D752A2FF}</UniqueIdentifier>
      <Extensions>cpp;c;cc;cxx;def;odl;idl;hpj;bat;asm;asmx</Extensions>
    </Filter>
    <Filter Include="Header Files">
      <UniqueIdentifier>{93995380-89BD-4b04-88EB-625FBE52EBFB}</UniqueIdentifier>
      <Extensions>h;hh;hpp;hxx;hm;inl;inc;ipp;xsd</Extensions>
    </Filter>
    <Filter Include="Resource Files">
      <UniqueIdentifier>{67DA6AB6-F800-4c08-8B7A-83BB121AAD01}</UniqueIdentifier>
      <Extensions>rc;ico;cur;bmp;dlg;rc2;rct;bin;rgs;gif;jpg;jpeg;jpe;resx;tiff;tif;png;wav;mfcribbon-ms</Extensions>
    </Filter>
    <Filter Include="Header Files\Framework">
      <UniqueIdentifier>{1ce7bd99-f9d3-402a-b113-6fc698602864}</UniqueIdentifier>
    </Filter>
    <Filter Include="Source Files\Framework">
      <UniqueIdentifier>{8ff63b7b-9951-4530-a557-d5ed6fa8a2a2}</UniqueIdentifier>
    </Filter>
    <Filter Include="Header Files\Game">
      <UniqueIdentifier>{c71b18c7-19cd-4c7f-a981-ce0bdec157c2}</UniqueIdentifier>
    </Filter>
    <Filter Include="Header Files\Game\GameObjects">
      <UniqueIdentifier>{22a6f3c1-8b67-4010-b4b0-334180a06547}</UniqueIdentifier>
    </Filter>
    <Filter Include="Source Files\Game">
      <UniqueIdentifier>{e703699c-9388-47f4-a6c4-0aef8c9db8e0}</UniqueIdentifier>
    </Filter>
    <Filter Include="Source Files\Game\GameObjects">
      <UniqueIdentifier>{d8726d40-a63b-4d4f-a441-75f5d0a75d97}</UniqueIdentifier>
    </Filter>
    <Filter Include="Header Files\Framework\Grid">
      <UniqueIdentifier>{9a081e1c-6b39-4426-8bb3-fc97b10c1178}</UniqueIdentifier>
    </Filter>
    <Filter Include="Source Files\Framework\Grid">
      <UniqueIdentifier>{3a6ca896-4e93-422c-97e3-56a674cc1684}</UniqueIdentifier>
    </Filter>
    <Filter Include="Header Files\Framework\Input">
      <UniqueIdentifier>{8d37c39d-b26c-45a5-beb2-3178994395d3}</UniqueIdentifier>
    </Filter>
    <Filter Include="Source Files\Framework\Input">
      <UniqueIdentifier>{02e3fce5-d44f-470e-ae62-25d2890598a0}</UniqueIdentifier>
    </Filter>
    <Filter Include="Header Files\Framework\Scene">
      <UniqueIdentifier>{6b47a933-c499-4ab7-8af6-c63576527729}</UniqueIdentifier>
    </Filter>
    <Filter Include="Source Files\Framework\Scene">
      <UniqueIdentifier>{e2de5721-06e9-4442-abd6-a7d19d0bed29}</UniqueIdentifier>
    </Filter>
    <Filter Include="Source Files\Game\Scenes">
      <UniqueIdentifier>{12b05dc8-fe72-4774-a033-2db39fc17b79}</UniqueIdentifier>
    </Filter>
    <Filter Include="Header Files\Game\Scenes">
      <UniqueIdentifier>{ee7af6d7-6392-49f5-a4c3-3cc2819a2126}</UniqueIdentifier>
    </Filter>
    <Filter Include="Header Files\Framework\Map">
      <UniqueIdentifier>{d4129f3d-ba5e-47e5-87c7-500b56cc09cb}</UniqueIdentifier>
    </Filter>
    <Filter Include="Source Files\Framework\Map">
      <UniqueIdentifier>{980babb2-c20f-405d-81c4-04a91a4703ee}</UniqueIdentifier>
    </Filter>
    <Filter Include="Header Files\Game\GameObjects\Enemies">
      <UniqueIdentifier>{5081004e-dbde-4288-a181-bd79aa64953a}</UniqueIdentifier>
    </Filter>
    <Filter Include="Source Files\Game\GameObjects\Enemies">
      <UniqueIdentifier>{459b2499-3060-4b38-96cb-05304f74c51e}</UniqueIdentifier>
    </Filter>
    <Filter Include="Source Files\Game\GameObjects\Player">
      <UniqueIdentifier>{0a53188b-5fcc-4e3c-8f39-ad54078cae2e}</UniqueIdentifier>
    </Filter>
    <Filter Include="Header Files\Game\GameObjects\Player">
      <UniqueIdentifier>{4b6e091d-2c3f-47db-b93c-f7a46f797473}</UniqueIdentifier>
    </Filter>
    <Filter Include="Header Files\Game\GameObjects\Skeleton">
      <UniqueIdentifier>{735f1fe4-c1f8-4f71-b80c-b1238586fe32}</UniqueIdentifier>
    </Filter>
    <Filter Include="Source Files\Game\GameObjects\Skeleton">
      <UniqueIdentifier>{a2b4b5cb-03c7-4747-b38b-374bc820ce6c}</UniqueIdentifier>
    </Filter>
    <Filter Include="Source Files\Game\GameObjects\Bat">
      <UniqueIdentifier>{c6f1dd64-8185-47db-bc25-6e36929efa31}</UniqueIdentifier>
    </Filter>
    <Filter Include="Header Files\Game\GameObjects\Bat">
      <UniqueIdentifier>{ff46daad-2151-4e7e-bf0a-4481675996d7}</UniqueIdentifier>
    </Filter>
    <Filter Include="Header Files\Game\GameObjects\FloatingBrick">
      <UniqueIdentifier>{0fa98611-bda2-4589-9e71-a81b05258f2f}</UniqueIdentifier>
    </Filter>
    <Filter Include="Header Files\Game\GameObjects\Spike">
      <UniqueIdentifier>{80c3bde2-0526-46c5-85ce-68a7f595ba53}</UniqueIdentifier>
    </Filter>
    <Filter Include="Header Files\Game\GameObjects\HangingMorningStar">
      <UniqueIdentifier>{d13d775d-d5a0-4aa8-9a81-5e8d2639db59}</UniqueIdentifier>
    </Filter>
    <Filter Include="Source Files\Game\GameObjects\HangingMorningStar">
      <UniqueIdentifier>{5bde5ab8-1842-47c9-a995-9602354f4fcb}</UniqueIdentifier>
    </Filter>
    <Filter Include="Source Files\Game\GameObjects\FloatingBrick">
      <UniqueIdentifier>{59cab4da-fe32-4c7a-a517-d86d0d035338}</UniqueIdentifier>
    </Filter>
    <Filter Include="Source Files\Game\GameObjects\Bullet">
      <UniqueIdentifier>{1852d525-f718-42ba-820a-cd24c3f10581}</UniqueIdentifier>
    </Filter>
    <Filter Include="Source Files\Game\GameObjects\Items">
      <UniqueIdentifier>{8907a119-72ca-4577-8c20-2bea3a41a129}</UniqueIdentifier>
    </Filter>
    <Filter Include="Source Files\Game\GameObjects\Peddler">
      <UniqueIdentifier>{8a7ee3e2-cd27-4ab7-998e-e6a009c031ee}</UniqueIdentifier>
    </Filter>
    <Filter Include="Header Files\Game\GameObjects\Items">
      <UniqueIdentifier>{4e0f6e7c-7214-4de1-b6d6-95b4909eb0b5}</UniqueIdentifier>
    </Filter>
    <Filter Include="Header Files\Game\GameObjects\Peddler">
      <UniqueIdentifier>{c0493976-f708-43cb-9097-fcc4dadcb417}</UniqueIdentifier>
    </Filter>
    <Filter Include="Header Files\Game\GameObjects\Bullet">
      <UniqueIdentifier>{dd7388c6-21e3-4925-87d2-c55536688a96}</UniqueIdentifier>
    </Filter>
    <Filter Include="Source Files\Game\GameObjects\Spike">
      <UniqueIdentifier>{7ddd13f6-9dee-4dc0-b07b-522e9f64400f}</UniqueIdentifier>
    </Filter>
    <Filter Include="Source Files\Game\GameObjects\BloodBar">
      <UniqueIdentifier>{bc7c3357-a4fa-4b59-b825-e7fdd812f8e8}</UniqueIdentifier>
    </Filter>
    <Filter Include="Header Files\Game\GameObjects\BloodBar">
      <UniqueIdentifier>{de4c49bb-0a87-4129-bf36-82f35da5fe43}</UniqueIdentifier>
    </Filter>
    <Filter Include="Header Files\Game\GameObjects\Scores">
      <UniqueIdentifier>{5bd78e93-2b3d-4076-8564-164500f44543}</UniqueIdentifier>
    </Filter>
    <Filter Include="Source Files\Game\GameObjects\Scores">
      <UniqueIdentifier>{6711273e-bc84-4614-997f-b2a21e3c1f7a}</UniqueIdentifier>
    </Filter>
  </ItemGroup>
  <ItemGroup>
    <ClInclude Include="stdafx.h">
      <Filter>Header Files</Filter>
    </ClInclude>
    <ClInclude Include="targetver.h">
      <Filter>Header Files</Filter>
    </ClInclude>
    <ClInclude Include="Resource.h">
      <Filter>Header Files</Filter>
    </ClInclude>
    <ClInclude Include="Game.h">
      <Filter>Header Files\Framework</Filter>
    </ClInclude>
    <ClInclude Include="Sprite.h">
      <Filter>Header Files\Framework</Filter>
    </ClInclude>
    <ClInclude Include="VirtualKeys.h">
      <Filter>Header Files</Filter>
    </ClInclude>
    <ClInclude Include="GameObject.h">
      <Filter>Header Files\Framework</Filter>
    </ClInclude>
    <ClInclude Include="Ball.h">
      <Filter>Header Files\Game\GameObjects</Filter>
    </ClInclude>
    <ClInclude Include="Pad.h">
      <Filter>Header Files\Game\GameObjects</Filter>
    </ClInclude>
    <ClInclude Include="Cell.h">
      <Filter>Header Files\Framework\Grid</Filter>
    </ClInclude>
    <ClInclude Include="Grid.h">
      <Filter>Header Files\Framework\Grid</Filter>
    </ClInclude>
    <ClInclude Include="Collision.h">
      <Filter>Header Files\Framework</Filter>
    </ClInclude>
    <ClInclude Include="Camera.h">
      <Filter>Header Files\Framework</Filter>
    </ClInclude>
    <ClInclude Include="KeyboardInput.h">
      <Filter>Header Files\Framework\Input</Filter>
    </ClInclude>
    <ClInclude Include="MouseInput.h">
      <Filter>Header Files\Framework\Input</Filter>
    </ClInclude>
    <ClInclude Include="Input.h">
      <Filter>Header Files\Framework\Input</Filter>
    </ClInclude>
    <ClInclude Include="Scene.h">
      <Filter>Header Files\Framework\Scene</Filter>
    </ClInclude>
    <ClInclude Include="SceneManager.h">
      <Filter>Header Files\Framework\Scene</Filter>
    </ClInclude>
    <ClInclude Include="PlayScene.h">
      <Filter>Header Files\Game\Scenes</Filter>
    </ClInclude>
    <ClInclude Include="Global.h">
      <Filter>Header Files\Framework</Filter>
    </ClInclude>
    <ClInclude Include="GameMap.h">
      <Filter>Header Files\Framework\Map</Filter>
    </ClInclude>
    <ClInclude Include="Tileset.h">
      <Filter>Header Files\Framework\Map</Filter>
    </ClInclude>
    <ClInclude Include="Tile.h">
      <Filter>Header Files\Framework\Map</Filter>
    </ClInclude>
    <ClInclude Include="Player.h">
      <Filter>Header Files\Game\GameObjects\Player</Filter>
    </ClInclude>
    <ClInclude Include="PlayerFallingState.h">
      <Filter>Header Files\Game\GameObjects\Player</Filter>
    </ClInclude>
    <ClInclude Include="PlayerJumpAttackState.h">
      <Filter>Header Files\Game\GameObjects\Player</Filter>
    </ClInclude>
    <ClInclude Include="PlayerJumpAttackThrowState.h">
      <Filter>Header Files\Game\GameObjects\Player</Filter>
    </ClInclude>
    <ClInclude Include="PlayerJumpMovingState.h">
      <Filter>Header Files\Game\GameObjects\Player</Filter>
    </ClInclude>
    <ClInclude Include="PlayerLookUpState.h">
      <Filter>Header Files\Game\GameObjects\Player</Filter>
    </ClInclude>
    <ClInclude Include="PlayerMovingState.h">
      <Filter>Header Files\Game\GameObjects\Player</Filter>
    </ClInclude>
    <ClInclude Include="PlayerMovingStopState.h">
      <Filter>Header Files\Game\GameObjects\Player</Filter>
    </ClInclude>
    <ClInclude Include="PlayerSitDownAttack.h">
      <Filter>Header Files\Game\GameObjects\Player</Filter>
    </ClInclude>
    <ClInclude Include="PlayerSitDownAttackThrowState.h">
      <Filter>Header Files\Game\GameObjects\Player</Filter>
    </ClInclude>
    <ClInclude Include="PlayerSitDownState.h">
      <Filter>Header Files\Game\GameObjects\Player</Filter>
    </ClInclude>
    <ClInclude Include="PlayerStandAttackState.h">
      <Filter>Header Files\Game\GameObjects\Player</Filter>
    </ClInclude>
    <ClInclude Include="PlayerStandAttackThrowState.h">
      <Filter>Header Files\Game\GameObjects\Player</Filter>
    </ClInclude>
    <ClInclude Include="PlayerStandingState.h">
      <Filter>Header Files\Game\GameObjects\Player</Filter>
    </ClInclude>
    <ClInclude Include="PlayerStandLookAround.h">
      <Filter>Header Files\Game\GameObjects\Player</Filter>
    </ClInclude>
    <ClInclude Include="PlayerStandThrowState.h">
      <Filter>Header Files\Game\GameObjects\Player</Filter>
    </ClInclude>
    <ClInclude Include="PlayerState.h">
      <Filter>Header Files\Game\GameObjects\Player</Filter>
    </ClInclude>
    <ClInclude Include="PlayerClimbState.h">
      <Filter>Header Files\Game\GameObjects\Player</Filter>
    </ClInclude>
    <ClInclude Include="PlayerEndGameState.h">
      <Filter>Header Files\Game\GameObjects\Player</Filter>
    </ClInclude>
    <ClInclude Include="PlayerPushWallState.h">
      <Filter>Header Files\Game\GameObjects\Player</Filter>
    </ClInclude>
    <ClInclude Include="PlayerSwingAttackState.h">
      <Filter>Header Files\Game\GameObjects\Player</Filter>
    </ClInclude>
    <ClInclude Include="PlayerSwingAttackThrowState.h">
      <Filter>Header Files\Game\GameObjects\Player</Filter>
    </ClInclude>
    <ClInclude Include="PlayerSwingState.h">
      <Filter>Header Files\Game\GameObjects\Player</Filter>
    </ClInclude>
    <ClInclude Include="PlayerSwingStopState.h">
      <Filter>Header Files\Game\GameObjects\Player</Filter>
    </ClInclude>
    <ClInclude Include="Animation.h">
      <Filter>Header Files\Framework</Filter>
    </ClInclude>
    <ClInclude Include="ThinGuard.h">
      <Filter>Header Files\Game\GameObjects\Enemies</Filter>
    </ClInclude>
    <ClInclude Include="PlayerJumpStandState.h">
      <Filter>Header Files\Game\GameObjects\Player</Filter>
    </ClInclude>
    <ClInclude Include="MustacheGuard.h">
      <Filter>Header Files\Game\GameObjects\Enemies</Filter>
    </ClInclude>
    <ClInclude Include="Item.h">
      <Filter>Header Files\Game\GameObjects\Items</Filter>
    </ClInclude>
    <ClInclude Include="RubyItem.h">
      <Filter>Header Files\Game\GameObjects\Items</Filter>
    </ClInclude>
    <ClInclude Include="GenieJarItem.h">
      <Filter>Header Files\Game\GameObjects\Items</Filter>
    </ClInclude>
    <ClInclude Include="GenieFaceItem.h">
      <Filter>Header Files\Game\GameObjects\Items</Filter>
    </ClInclude>
    <ClInclude Include="BlueHeartItem.h">
      <Filter>Header Files\Game\GameObjects\Items</Filter>
    </ClInclude>
    <ClInclude Include="AppleItem.h">
      <Filter>Header Files\Game\GameObjects\Items</Filter>
    </ClInclude>
    <ClInclude Include="AppleBullet.h">
      <Filter>Header Files\Game\GameObjects\Bullet</Filter>
    </ClInclude>
    <ClInclude Include="Peddler.h">
      <Filter>Header Files\Game\GameObjects\Peddler</Filter>
    </ClInclude>
    <ClInclude Include="FloatingBrick.h">
      <Filter>Header Files\Game\GameObjects\FloatingBrick</Filter>
    </ClInclude>
    <ClInclude Include="Spike.h">
      <Filter>Header Files\Game\GameObjects\Spike</Filter>
    </ClInclude>
    <ClInclude Include="HangingMorningStar.h">
      <Filter>Header Files\Game\GameObjects\HangingMorningStar</Filter>
    </ClInclude>
    <ClInclude Include="Health.h">
      <Filter>Header Files\Game\GameObjects</Filter>
    </ClInclude>
    <ClInclude Include="ForegroundChains.h">
      <Filter>Header Files\Game\GameObjects</Filter>
    </ClInclude>
    <ClInclude Include="Sound.h">
      <Filter>Header Files\Framework</Filter>
    </ClInclude>
    <ClInclude Include="Boss.h">
      <Filter>Header Files\Game\GameObjects\Enemies</Filter>
    </ClInclude>
    <ClInclude Include="Fire.h">
      <Filter>Header Files\Game\GameObjects\Enemies</Filter>
    </ClInclude>
    <ClInclude Include="Star.h">
      <Filter>Header Files\Game\GameObjects\Enemies</Filter>
    </ClInclude>
    <ClInclude Include="Bat.h">
      <Filter>Header Files\Game\GameObjects\Bat</Filter>
    </ClInclude>
    <ClInclude Include="Skeleton.h">
      <Filter>Header Files\Game\GameObjects\Skeleton</Filter>
    </ClInclude>
    <ClInclude Include="BloodBar.h">
      <Filter>Header Files\Game\GameObjects\BloodBar</Filter>
    </ClInclude>
    <ClInclude Include="BossScene.h">
      <Filter>Header Files\Game\Scenes</Filter>
    </ClInclude>
    <ClInclude Include="BulletBoss.h">
      <Filter>Header Files\Game\GameObjects\Enemies</Filter>
    </ClInclude>
    <ClInclude Include="RubyScores.h">
      <Filter>Header Files\Game\GameObjects\Scores</Filter>
    </ClInclude>
    <ClInclude Include="LifeScores.h">
      <Filter>Header Files\Game\GameObjects\Scores</Filter>
    </ClInclude>
    <ClInclude Include="AppleScores.h">
      <Filter>Header Files\Game\GameObjects\Scores</Filter>
    </ClInclude>
    <ClInclude Include="AladdinScores.h">
      <Filter>Header Files\Game\GameObjects\Scores</Filter>
    </ClInclude>
    <ClInclude Include="VerticalWall.h">
      <Filter>Header Files</Filter>
    </ClInclude>
    <ClInclude Include="Ground.h">
      <Filter>Header Files</Filter>
    </ClInclude>
  </ItemGroup>
  <ItemGroup>
    <ClCompile Include="stdafx.cpp">
      <Filter>Source Files</Filter>
    </ClCompile>
    <ClCompile Include="Main.cpp">
      <Filter>Source Files</Filter>
    </ClCompile>
    <ClCompile Include="Game.cpp">
      <Filter>Source Files\Framework</Filter>
    </ClCompile>
    <ClCompile Include="Sprite.cpp">
      <Filter>Source Files\Framework</Filter>
    </ClCompile>
    <ClCompile Include="VirtualKeys.cpp">
      <Filter>Source Files</Filter>
    </ClCompile>
    <ClCompile Include="GameObject.cpp">
      <Filter>Source Files\Framework</Filter>
    </ClCompile>
    <ClCompile Include="Ball.cpp">
      <Filter>Source Files\Game\GameObjects</Filter>
    </ClCompile>
    <ClCompile Include="Pad.cpp">
      <Filter>Source Files\Game\GameObjects</Filter>
    </ClCompile>
    <ClCompile Include="Cell.cpp">
      <Filter>Source Files\Framework\Grid</Filter>
    </ClCompile>
    <ClCompile Include="Grid.cpp">
      <Filter>Source Files\Framework\Grid</Filter>
    </ClCompile>
    <ClCompile Include="Collision.cpp">
      <Filter>Source Files\Framework</Filter>
    </ClCompile>
    <ClCompile Include="Global.cpp">
      <Filter>Source Files\Framework</Filter>
    </ClCompile>
    <ClCompile Include="KeyboardInput.cpp">
      <Filter>Source Files\Framework\Input</Filter>
    </ClCompile>
    <ClCompile Include="MouseInput.cpp">
      <Filter>Source Files\Framework\Input</Filter>
    </ClCompile>
    <ClCompile Include="Input.cpp">
      <Filter>Source Files\Framework\Input</Filter>
    </ClCompile>
    <ClCompile Include="Scene.cpp">
      <Filter>Source Files\Framework\Scene</Filter>
    </ClCompile>
    <ClCompile Include="SceneManager.cpp">
      <Filter>Source Files\Framework\Scene</Filter>
    </ClCompile>
    <ClCompile Include="Camera.cpp">
      <Filter>Source Files\Framework</Filter>
    </ClCompile>
    <ClCompile Include="PlayScene.cpp">
      <Filter>Source Files\Game\Scenes</Filter>
    </ClCompile>
    <ClCompile Include="GameMap.cpp">
      <Filter>Source Files\Framework\Map</Filter>
    </ClCompile>
    <ClCompile Include="Tileset.cpp">
      <Filter>Source Files\Framework\Map</Filter>
    </ClCompile>
    <ClCompile Include="Tile.cpp">
      <Filter>Source Files\Framework\Map</Filter>
    </ClCompile>
    <ClCompile Include="Player.cpp">
      <Filter>Source Files\Game\GameObjects\Player</Filter>
    </ClCompile>
    <ClCompile Include="PlayerFallingState.cpp">
      <Filter>Source Files\Game\GameObjects\Player</Filter>
    </ClCompile>
    <ClCompile Include="PlayerJumpAttackState.cpp">
      <Filter>Source Files\Game\GameObjects\Player</Filter>
    </ClCompile>
    <ClCompile Include="PlayerJumpAttackThrowState.cpp">
      <Filter>Source Files\Game\GameObjects\Player</Filter>
    </ClCompile>
    <ClCompile Include="PlayerJumpMovingState.cpp">
      <Filter>Source Files\Game\GameObjects\Player</Filter>
    </ClCompile>
    <ClCompile Include="PlayerLookUpState.cpp">
      <Filter>Source Files\Game\GameObjects\Player</Filter>
    </ClCompile>
    <ClCompile Include="PlayerMovingState.cpp">
      <Filter>Source Files\Game\GameObjects\Player</Filter>
    </ClCompile>
    <ClCompile Include="PlayerMovingStopState.cpp">
      <Filter>Source Files\Game\GameObjects\Player</Filter>
    </ClCompile>
    <ClCompile Include="PlayerSitDownAttack.cpp">
      <Filter>Source Files\Game\GameObjects\Player</Filter>
    </ClCompile>
    <ClCompile Include="PlayerSitDownAttackThrowState.cpp">
      <Filter>Source Files\Game\GameObjects\Player</Filter>
    </ClCompile>
    <ClCompile Include="PlayerSitDownState.cpp">
      <Filter>Source Files\Game\GameObjects\Player</Filter>
    </ClCompile>
    <ClCompile Include="PlayerStandAttackState.cpp">
      <Filter>Source Files\Game\GameObjects\Player</Filter>
    </ClCompile>
    <ClCompile Include="PlayerStandAttackThrowState.cpp">
      <Filter>Source Files\Game\GameObjects\Player</Filter>
    </ClCompile>
    <ClCompile Include="PlayerStandingState.cpp">
      <Filter>Source Files\Game\GameObjects\Player</Filter>
    </ClCompile>
    <ClCompile Include="PlayerStandLookAround.cpp">
      <Filter>Source Files\Game\GameObjects\Player</Filter>
    </ClCompile>
    <ClCompile Include="PlayerStandThrowState.cpp">
      <Filter>Source Files\Game\GameObjects\Player</Filter>
    </ClCompile>
    <ClCompile Include="PlayerState.cpp">
      <Filter>Source Files\Game\GameObjects\Player</Filter>
    </ClCompile>
    <ClCompile Include="PlayerClimbState.cpp">
      <Filter>Source Files\Game\GameObjects\Player</Filter>
    </ClCompile>
    <ClCompile Include="PlayerEndGameState.cpp">
      <Filter>Source Files\Game\GameObjects\Player</Filter>
    </ClCompile>
    <ClCompile Include="PlayerPushWallState.cpp">
      <Filter>Source Files\Game\GameObjects\Player</Filter>
    </ClCompile>
    <ClCompile Include="PlayerSwingAttackState.cpp">
      <Filter>Source Files\Game\GameObjects\Player</Filter>
    </ClCompile>
    <ClCompile Include="PlayerSwingAttackThrowState.cpp">
      <Filter>Source Files\Game\GameObjects\Player</Filter>
    </ClCompile>
    <ClCompile Include="PlayerSwingState.cpp">
      <Filter>Source Files\Game\GameObjects\Player</Filter>
    </ClCompile>
    <ClCompile Include="PlayerSwingStopState.cpp">
      <Filter>Source Files\Game\GameObjects\Player</Filter>
    </ClCompile>
    <ClCompile Include="Animation.cpp">
      <Filter>Source Files\Framework</Filter>
    </ClCompile>
    <ClCompile Include="ThinGuard.cpp">
      <Filter>Source Files\Game\GameObjects\Enemies</Filter>
    </ClCompile>
    <ClCompile Include="PlayerJumpStandState.cpp">
      <Filter>Source Files\Game\GameObjects\Player</Filter>
    </ClCompile>
    <ClCompile Include="MustacheGuard.cpp">
      <Filter>Source Files\Game\GameObjects\Enemies</Filter>
    </ClCompile>
    <ClCompile Include="Item.cpp">
      <Filter>Source Files\Game\GameObjects\Items</Filter>
    </ClCompile>
    <ClCompile Include="GenieFaceItem.cpp">
      <Filter>Source Files\Game\GameObjects\Items</Filter>
    </ClCompile>
    <ClCompile Include="GenieJarItem.cpp">
      <Filter>Source Files\Game\GameObjects\Items</Filter>
    </ClCompile>
    <ClCompile Include="RubyItem.cpp">
      <Filter>Source Files\Game\GameObjects\Items</Filter>
    </ClCompile>
    <ClCompile Include="BlueHeartItem.cpp">
      <Filter>Source Files\Game\GameObjects\Items</Filter>
    </ClCompile>
    <ClCompile Include="AppleItem.cpp">
      <Filter>Source Files\Game\GameObjects\Items</Filter>
    </ClCompile>
    <ClCompile Include="AppleBullet.cpp">
      <Filter>Source Files\Game\GameObjects\Bullet</Filter>
    </ClCompile>
    <ClCompile Include="Peddler.cpp">
      <Filter>Source Files\Game\GameObjects\Peddler</Filter>
    </ClCompile>
    <ClCompile Include="FloatingBrick.cpp">
      <Filter>Source Files\Game\GameObjects\FloatingBrick</Filter>
    </ClCompile>
    <ClCompile Include="Spike.cpp">
      <Filter>Source Files\Game\GameObjects\Spike</Filter>
    </ClCompile>
    <ClCompile Include="HangingMorningStar.cpp">
      <Filter>Source Files\Game\GameObjects\HangingMorningStar</Filter>
    </ClCompile>
    <ClCompile Include="Health.cpp">
      <Filter>Source Files\Game\GameObjects</Filter>
    </ClCompile>
    <ClCompile Include="ForegroundChains.cpp">
      <Filter>Source Files\Game\GameObjects</Filter>
    </ClCompile>
    <ClCompile Include="Sound.cpp">
      <Filter>Source Files\Framework</Filter>
    </ClCompile>
    <ClCompile Include="Boss.cpp">
      <Filter>Source Files\Game\GameObjects\Enemies</Filter>
    </ClCompile>
    <ClCompile Include="Fire.cpp">
      <Filter>Source Files\Game\GameObjects\Enemies</Filter>
    </ClCompile>
    <ClCompile Include="Star.cpp">
      <Filter>Source Files\Game\GameObjects\Enemies</Filter>
    </ClCompile>
    <ClCompile Include="Bat.cpp">
      <Filter>Source Files\Game\GameObjects\Bat</Filter>
    </ClCompile>
    <ClCompile Include="Skeleton.cpp">
      <Filter>Source Files\Game\GameObjects\Skeleton</Filter>
    </ClCompile>
    <ClCompile Include="BloodBar.cpp">
      <Filter>Source Files\Game\GameObjects\BloodBar</Filter>
    </ClCompile>
    <ClCompile Include="BossScene.cpp">
      <Filter>Source Files\Game\Scenes</Filter>
    </ClCompile>
    <ClCompile Include="BulletBoss.cpp">
      <Filter>Source Files\Game\GameObjects\Enemies</Filter>
    </ClCompile>
    <ClCompile Include="AppleScores.cpp">
      <Filter>Source Files\Game\GameObjects\Scores</Filter>
    </ClCompile>
    <ClCompile Include="RubyScores.cpp">
      <Filter>Source Files\Game\GameObjects\Scores</Filter>
    </ClCompile>
    <ClCompile Include="AladdinScores.cpp">
      <Filter>Source Files\Game\GameObjects\Scores</Filter>
    </ClCompile>
    <ClCompile Include="LifeScores.cpp">
      <Filter>Source Files\Game\GameObjects\Scores</Filter>
    </ClCompile>
    <ClCompile Include="VerticalWall.cpp">
      <Filter>Source Files</Filter>
    </ClCompile>
    <ClCompile Include="Ground.cpp">
      <Filter>Source Files</Filter>
    </ClCompile>
  </ItemGroup>
  <ItemGroup>
    <ResourceCompile Include="Game.rc">
      <Filter>Resource Files</Filter>
    </ResourceCompile>
  </ItemGroup>
  <ItemGroup>
    <Image Include="small.ico">
      <Filter>Resource Files</Filter>
    </Image>
    <Image Include="Game.ico">
      <Filter>Resource Files</Filter>
    </Image>
  </ItemGroup>
</Project>